
Microsoft Visual Studio Solution File, Format Version 12.00
# Visual Studio Version 17
VisualStudioVersion = 17.5.002.0
MinimumVisualStudioVersion = 10.0.40219.1
Project("{9A19103F-16F7-4668-BE54-9A1E7A4F7556}") = "LinkedList", "LinkedList.csproj", "{75E945FF-032D-46F3-A269-348D3164DD6B}"
EndProject
Global
	GlobalSection(SolutionConfigurationPlatforms) = preSolution
		Debug|Any CPU = Debug|Any CPU
		Release|Any CPU = Release|Any CPU
	EndGlobalSection
	GlobalSection(ProjectConfigurationPlatforms) = postSolution
		{75E945FF-032D-46F3-A269-348D3164DD6B}.Debug|Any CPU.ActiveCfg = Debug|Any CPU
		{75E945FF-032D-46F3-A269-348D3164DD6B}.Debug|Any CPU.Build.0 = Debug|Any CPU
		{75E945FF-032D-46F3-A269-348D3164DD6B}.Release|Any CPU.ActiveCfg = Release|Any CPU
		{75E945FF-032D-46F3-A269-348D3164DD6B}.Release|Any CPU.Build.0 = Release|Any CPU
	EndGlobalSection
	GlobalSection(SolutionProperties) = preSolution
		HideSolutionNode = FALSE
	EndGlobalSection
	GlobalSection(ExtensibilityGlobals) = postSolution
		SolutionGuid = {902C36AF-CF86-46DA-A659-38844E6DF335}
	EndGlobalSection
EndGlobal
